
Microsoft Visual Studio Solution File, Format Version 12.00
# Visual Studio Version 17
VisualStudioVersion = 17.8.34322.80
MinimumVisualStudioVersion = 10.0.40219.1
Project("{9A19103F-16F7-4668-BE54-9A1E7A4F7556}") = "Area51", "Area51\Area51.csproj", "{558C8C00-9C05-4DA9-9675-C4F00C6923CD}"
EndProject
Global
	GlobalSection(SolutionConfigurationPlatforms) = preSolution
		Debug|Any CPU = Debug|Any CPU
		Release|Any CPU = Release|Any CPU
	EndGlobalSection
	GlobalSection(ProjectConfigurationPlatforms) = postSolution
		{558C8C00-9C05-4DA9-9675-C4F00C6923CD}.Debug|Any CPU.ActiveCfg = Debug|Any CPU
		{558C8C00-9C05-4DA9-9675-C4F00C6923CD}.Debug|Any CPU.Build.0 = Debug|Any CPU
		{558C8C00-9C05-4DA9-9675-C4F00C6923CD}.Release|Any CPU.ActiveCfg = Release|Any CPU
		{558C8C00-9C05-4DA9-9675-C4F00C6923CD}.Release|Any CPU.Build.0 = Release|Any CPU
	EndGlobalSection
	GlobalSection(SolutionProperties) = preSolution
		HideSolutionNode = FALSE
	EndGlobalSection
	GlobalSection(ExtensibilityGlobals) = postSolution
		SolutionGuid = {652AB0E6-F9ED-47E1-A4F9-B3EC6152ED6F}
	EndGlobalSection
EndGlobal
